
Microsoft Visual Studio Solution File, Format Version 12.00
# Visual Studio Version 17
VisualStudioVersion = 17.0.31903.59
MinimumVisualStudioVersion = 10.0.40219.1
Project("{2150E333-8FDC-42A3-9474-1A3956D46DE8}") = "src", "src", "{827E0CD3-B72D-47B6-A68D-7590B98EB39B}"
EndProject
Project("{FAE04EC0-301F-11D3-BF4B-00C04F79EFBC}") = "RSP_Core", "src\RSP_Core\RSP_Core.csproj", "{4A30AD9A-8682-4A79-83FA-89D2EF4F4C6A}"
EndProject
Project("{2150E333-8FDC-42A3-9474-1A3956D46DE8}") = "tests", "tests", "{0AB3BF05-4346-4AA6-1389-037BE0695223}"
EndProject
Project("{FAE04EC0-301F-11D3-BF4B-00C04F79EFBC}") = "RSP_Core.Tests", "tests\RSP_Core.Tests\RSP_Core.Tests.csproj", "{8BD49730-33A6-4F79-953D-6258F3ACE193}"
EndProject
Project("{2150E333-8FDC-42A3-9474-1A3956D46DE8}") = "samples", "samples", "{5D20AA90-6969-D8BD-9DCD-8634F4692FDA}"
EndProject
Project("{FAE04EC0-301F-11D3-BF4B-00C04F79EFBC}") = "CoreCombat.ConsoleRunner", "samples\CoreCombat.ConsoleRunner\CoreCombat.ConsoleRunner.csproj", "{563D7AAD-B322-418C-89FB-55187D9485F9}"
EndProject
Global
	GlobalSection(SolutionConfigurationPlatforms) = preSolution
		Debug|Any CPU = Debug|Any CPU
		Debug|x64 = Debug|x64
		Debug|x86 = Debug|x86
		Release|Any CPU = Release|Any CPU
		Release|x64 = Release|x64
		Release|x86 = Release|x86
	EndGlobalSection
	GlobalSection(ProjectConfigurationPlatforms) = postSolution
		{4A30AD9A-8682-4A79-83FA-89D2EF4F4C6A}.Debug|Any CPU.ActiveCfg = Debug|Any CPU
		{4A30AD9A-8682-4A79-83FA-89D2EF4F4C6A}.Debug|Any CPU.Build.0 = Debug|Any CPU
		{4A30AD9A-8682-4A79-83FA-89D2EF4F4C6A}.Debug|x64.ActiveCfg = Debug|Any CPU
		{4A30AD9A-8682-4A79-83FA-89D2EF4F4C6A}.Debug|x64.Build.0 = Debug|Any CPU
		{4A30AD9A-8682-4A79-83FA-89D2EF4F4C6A}.Debug|x86.ActiveCfg = Debug|Any CPU
		{4A30AD9A-8682-4A79-83FA-89D2EF4F4C6A}.Debug|x86.Build.0 = Debug|Any CPU
		{4A30AD9A-8682-4A79-83FA-89D2EF4F4C6A}.Release|Any CPU.ActiveCfg = Release|Any CPU
		{4A30AD9A-8682-4A79-83FA-89D2EF4F4C6A}.Release|Any CPU.Build.0 = Release|Any CPU
		{4A30AD9A-8682-4A79-83FA-89D2EF4F4C6A}.Release|x64.ActiveCfg = Release|Any CPU
		{4A30AD9A-8682-4A79-83FA-89D2EF4F4C6A}.Release|x64.Build.0 = Release|Any CPU
		{4A30AD9A-8682-4A79-83FA-89D2EF4F4C6A}.Release|x86.ActiveCfg = Release|Any CPU
		{4A30AD9A-8682-4A79-83FA-89D2EF4F4C6A}.Release|x86.Build.0 = Release|Any CPU
		{8BD49730-33A6-4F79-953D-6258F3ACE193}.Debug|Any CPU.ActiveCfg = Debug|Any CPU
		{8BD49730-33A6-4F79-953D-6258F3ACE193}.Debug|Any CPU.Build.0 = Debug|Any CPU
		{8BD49730-33A6-4F79-953D-6258F3ACE193}.Debug|x64.ActiveCfg = Debug|Any CPU
		{8BD49730-33A6-4F79-953D-6258F3ACE193}.Debug|x64.Build.0 = Debug|Any CPU
		{8BD49730-33A6-4F79-953D-6258F3ACE193}.Debug|x86.ActiveCfg = Debug|Any CPU
		{8BD49730-33A6-4F79-953D-6258F3ACE193}.Debug|x86.Build.0 = Debug|Any CPU
		{8BD49730-33A6-4F79-953D-6258F3ACE193}.Release|Any CPU.ActiveCfg = Release|Any CPU
		{8BD49730-33A6-4F79-953D-6258F3ACE193}.Release|Any CPU.Build.0 = Release|Any CPU
		{8BD49730-33A6-4F79-953D-6258F3ACE193}.Release|x64.ActiveCfg = Release|Any CPU
		{8BD49730-33A6-4F79-953D-6258F3ACE193}.Release|x64.Build.0 = Release|Any CPU
		{8BD49730-33A6-4F79-953D-6258F3ACE193}.Release|x86.ActiveCfg = Release|Any CPU
		{8BD49730-33A6-4F79-953D-6258F3ACE193}.Release|x86.Build.0 = Release|Any CPU
		{563D7AAD-B322-418C-89FB-55187D9485F9}.Debug|Any CPU.ActiveCfg = Debug|Any CPU
		{563D7AAD-B322-418C-89FB-55187D9485F9}.Debug|Any CPU.Build.0 = Debug|Any CPU
		{563D7AAD-B322-418C-89FB-55187D9485F9}.Debug|x64.ActiveCfg = Debug|Any CPU
		{563D7AAD-B322-418C-89FB-55187D9485F9}.Debug|x64.Build.0 = Debug|Any CPU
		{563D7AAD-B322-418C-89FB-55187D9485F9}.Debug|x86.ActiveCfg = Debug|Any CPU
		{563D7AAD-B322-418C-89FB-55187D9485F9}.Debug|x86.Build.0 = Debug|Any CPU
		{563D7AAD-B322-418C-89FB-55187D9485F9}.Release|Any CPU.ActiveCfg = Release|Any CPU
		{563D7AAD-B322-418C-89FB-55187D9485F9}.Release|Any CPU.Build.0 = Release|Any CPU
		{563D7AAD-B322-418C-89FB-55187D9485F9}.Release|x64.ActiveCfg = Release|Any CPU
		{563D7AAD-B322-418C-89FB-55187D9485F9}.Release|x64.Build.0 = Release|Any CPU
		{563D7AAD-B322-418C-89FB-55187D9485F9}.Release|x86.ActiveCfg = Release|Any CPU
		{563D7AAD-B322-418C-89FB-55187D9485F9}.Release|x86.Build.0 = Release|Any CPU
	EndGlobalSection
	GlobalSection(SolutionProperties) = preSolution
		HideSolutionNode = FALSE
	EndGlobalSection
	GlobalSection(NestedProjects) = preSolution
		{4A30AD9A-8682-4A79-83FA-89D2EF4F4C6A} = {827E0CD3-B72D-47B6-A68D-7590B98EB39B}
		{8BD49730-33A6-4F79-953D-6258F3ACE193} = {0AB3BF05-4346-4AA6-1389-037BE0695223}
		{563D7AAD-B322-418C-89FB-55187D9485F9} = {5D20AA90-6969-D8BD-9DCD-8634F4692FDA}
	EndGlobalSection
EndGlobal
